// !$*UTF8*$!
{
	archiveVersion = 1;
	classes = {
	};
	objectVersion = 48;
	objects = {

/* Begin PBXBuildFile section */
		1D2F5B7FDB310B8F8D518759 /* Pods_Recipes.framework in Frameworks */ = {isa = PBXBuildFile; fileRef = B5FC70779958A3925F8759E3 /* Pods_Recipes.framework */; };
		B72F40081FD5C91800EF62CD /* FavoriteRecipesArray.swift in Sources */ = {isa = PBXBuildFile; fileRef = B72F40071FD5C91800EF62CD /* FavoriteRecipesArray.swift */; };
		B755C0C91FCE15FE003ED10A /* Recipe.swift in Sources */ = {isa = PBXBuildFile; fileRef = B755C0C81FCE15FE003ED10A /* Recipe.swift */; };
		B76F9F491FCB7D50009034A5 /* FavoriteRecipesVC.swift in Sources */ = {isa = PBXBuildFile; fileRef = B76F9F481FCB7D50009034A5 /* FavoriteRecipesVC.swift */; };
		B7A387581FD5FF8100EB6776 /* FavoriteDetailVC.swift in Sources */ = {isa = PBXBuildFile; fileRef = B7A387571FD5FF8100EB6776 /* FavoriteDetailVC.swift */; };
		B7ED51571FCB6EAF00B5B249 /* AppDelegate.swift in Sources */ = {isa = PBXBuildFile; fileRef = B7ED51561FCB6EAF00B5B249 /* AppDelegate.swift */; };
		B7ED51591FCB6EAF00B5B249 /* ViewController.swift in Sources */ = {isa = PBXBuildFile; fileRef = B7ED51581FCB6EAF00B5B249 /* ViewController.swift */; };
		B7ED515C1FCB6EAF00B5B249 /* Main.storyboard in Resources */ = {isa = PBXBuildFile; fileRef = B7ED515A1FCB6EAF00B5B249 /* Main.storyboard */; };
		B7ED515E1FCB6EAF00B5B249 /* Assets.xcassets in Resources */ = {isa = PBXBuildFile; fileRef = B7ED515D1FCB6EAF00B5B249 /* Assets.xcassets */; };
		B7ED51611FCB6EAF00B5B249 /* LaunchScreen.storyboard in Resources */ = {isa = PBXBuildFile; fileRef = B7ED515F1FCB6EAF00B5B249 /* LaunchScreen.storyboard */; };
		B7ED51691FCB75E600B5B249 /* AddRecipeVC.swift in Sources */ = {isa = PBXBuildFile; fileRef = B7ED51681FCB75E600B5B249 /* AddRecipeVC.swift */; };
		B7ED516B1FCB774E00B5B249 /* RecipeDetailVC.swift in Sources */ = {isa = PBXBuildFile; fileRef = B7ED516A1FCB774E00B5B249 /* RecipeDetailVC.swift */; };
/* End PBXBuildFile section */

/* Begin PBXFileReference section */
		1978091655DF158B7B6DDCAF /* Pods-Recipes.debug.xcconfig */ = {isa = PBXFileReference; includeInIndex = 1; lastKnownFileType = text.xcconfig; name = "Pods-Recipes.debug.xcconfig"; path = "Pods/Target Support Files/Pods-Recipes/Pods-Recipes.debug.xcconfig"; sourceTree = "<group>"; };
		63491EAAD4F2F736F7B1BBD1 /* Pods-Recipes.release.xcconfig */ = {isa = PBXFileReference; includeInIndex = 1; lastKnownFileType = text.xcconfig; name = "Pods-Recipes.release.xcconfig"; path = "Pods/Target Support Files/Pods-Recipes/Pods-Recipes.release.xcconfig"; sourceTree = "<group>"; };
		B5FC70779958A3925F8759E3 /* Pods_Recipes.framework */ = {isa = PBXFileReference; explicitFileType = wrapper.framework; includeInIndex = 0; path = Pods_Recipes.framework; sourceTree = BUILT_PRODUCTS_DIR; };
		B72F40071FD5C91800EF62CD /* FavoriteRecipesArray.swift */ = {isa = PBXFileReference; lastKnownFileType = sourcecode.swift; path = FavoriteRecipesArray.swift; sourceTree = "<group>"; };
		B755C0C81FCE15FE003ED10A /* Recipe.swift */ = {isa = PBXFileReference; lastKnownFileType = sourcecode.swift; path = Recipe.swift; sourceTree = "<group>"; };
		B76F9F481FCB7D50009034A5 /* FavoriteRecipesVC.swift */ = {isa = PBXFileReference; lastKnownFileType = sourcecode.swift; path = FavoriteRecipesVC.swift; sourceTree = "<group>"; };
		B7A387571FD5FF8100EB6776 /* FavoriteDetailVC.swift */ = {isa = PBXFileReference; lastKnownFileType = sourcecode.swift; path = FavoriteDetailVC.swift; sourceTree = "<group>"; };
		B7ED51531FCB6EAE00B5B249 /* Recipes.app */ = {isa = PBXFileReference; explicitFileType = wrapper.application; includeInIndex = 0; path = Recipes.app; sourceTree = BUILT_PRODUCTS_DIR; };
		B7ED51561FCB6EAF00B5B249 /* AppDelegate.swift */ = {isa = PBXFileReference; lastKnownFileType = sourcecode.swift; path = AppDelegate.swift; sourceTree = "<group>"; };
		B7ED51581FCB6EAF00B5B249 /* ViewController.swift */ = {isa = PBXFileReference; lastKnownFileType = sourcecode.swift; path = ViewController.swift; sourceTree = "<group>"; };
		B7ED515B1FCB6EAF00B5B249 /* Base */ = {isa = PBXFileReference; lastKnownFileType = file.storyboard; name = Base; path = Base.lproj/Main.storyboard; sourceTree = "<group>"; };
		B7ED515D1FCB6EAF00B5B249 /* Assets.xcassets */ = {isa = PBXFileReference; lastKnownFileType = folder.assetcatalog; path = Assets.xcassets; sourceTree = "<group>"; };
		B7ED51601FCB6EAF00B5B249 /* Base */ = {isa = PBXFileReference; lastKnownFileType = file.storyboard; name = Base; path = Base.lproj/LaunchScreen.storyboard; sourceTree = "<group>"; };
		B7ED51621FCB6EAF00B5B249 /* Info.plist */ = {isa = PBXFileReference; lastKnownFileType = text.plist.xml; path = Info.plist; sourceTree = "<group>"; };
		B7ED51681FCB75E600B5B249 /* AddRecipeVC.swift */ = {isa = PBXFileReference; lastKnownFileType = sourcecode.swift; path = AddRecipeVC.swift; sourceTree = "<group>"; };
		B7ED516A1FCB774E00B5B249 /* RecipeDetailVC.swift */ = {isa = PBXFileReference; lastKnownFileType = sourcecode.swift; path = RecipeDetailVC.swift; sourceTree = "<group>"; };
/* End PBXFileReference section */

/* Begin PBXFrameworksBuildPhase section */
		B7ED51501FCB6EAE00B5B249 /* Frameworks */ = {
			isa = PBXFrameworksBuildPhase;
			buildActionMask = 2147483647;
			files = (
				1D2F5B7FDB310B8F8D518759 /* Pods_Recipes.framework in Frameworks */,
			);
			runOnlyForDeploymentPostprocessing = 0;
		};
/* End PBXFrameworksBuildPhase section */

/* Begin PBXGroup section */
		8BFF2E5BE8FA98482EB0C615 /* Frameworks */ = {
			isa = PBXGroup;
			children = (
				B5FC70779958A3925F8759E3 /* Pods_Recipes.framework */,
			);
			name = Frameworks;
			sourceTree = "<group>";
		};
		B7ED514A1FCB6EAE00B5B249 = {
			isa = PBXGroup;
			children = (
				B7ED51551FCB6EAF00B5B249 /* Recipes */,
				B7ED51541FCB6EAE00B5B249 /* Products */,
				D5AB81293E46866CB215E980 /* Pods */,
				8BFF2E5BE8FA98482EB0C615 /* Frameworks */,
			);
			sourceTree = "<group>";
		};
		B7ED51541FCB6EAE00B5B249 /* Products */ = {
			isa = PBXGroup;
			children = (
				B7ED51531FCB6EAE00B5B249 /* Recipes.app */,
			);
			name = Products;
			sourceTree = "<group>";
		};
		B7ED51551FCB6EAF00B5B249 /* Recipes */ = {
			isa = PBXGroup;
			children = (
				B7ED51561FCB6EAF00B5B249 /* AppDelegate.swift */,
				B755C0C81FCE15FE003ED10A /* Recipe.swift */,
				B72F40071FD5C91800EF62CD /* FavoriteRecipesArray.swift */,
				B7ED51581FCB6EAF00B5B249 /* ViewController.swift */,
				B7ED516A1FCB774E00B5B249 /* RecipeDetailVC.swift */,
				B7ED51681FCB75E600B5B249 /* AddRecipeVC.swift */,
				B76F9F481FCB7D50009034A5 /* FavoriteRecipesVC.swift */,
				B7A387571FD5FF8100EB6776 /* FavoriteDetailVC.swift */,
				B7ED515A1FCB6EAF00B5B249 /* Main.storyboard */,
				B7ED515D1FCB6EAF00B5B249 /* Assets.xcassets */,
				B7ED515F1FCB6EAF00B5B249 /* LaunchScreen.storyboard */,
				B7ED51621FCB6EAF00B5B249 /* Info.plist */,
			);
			path = Recipes;
			sourceTree = "<group>";
		};
		D5AB81293E46866CB215E980 /* Pods */ = {
			isa = PBXGroup;
			children = (
				1978091655DF158B7B6DDCAF /* Pods-Recipes.debug.xcconfig */,
				63491EAAD4F2F736F7B1BBD1 /* Pods-Recipes.release.xcconfig */,
			);
			name = Pods;
			sourceTree = "<group>";
		};
/* End PBXGroup section */

/* Begin PBXNativeTarget section */
		B7ED51521FCB6EAE00B5B249 /* Recipes */ = {
			isa = PBXNativeTarget;
			buildConfigurationList = B7ED51651FCB6EAF00B5B249 /* Build configuration list for PBXNativeTarget "Recipes" */;
			buildPhases = (
				FD49C779054343760CC43157 /* [CP] Check Pods Manifest.lock */,
				B7ED514F1FCB6EAE00B5B249 /* Sources */,
				B7ED51501FCB6EAE00B5B249 /* Frameworks */,
				B7ED51511FCB6EAE00B5B249 /* Resources */,
				57F37DFC209933A85CF433BB /* [CP] Embed Pods Frameworks */,
				A306E613CB61249947822FF6 /* [CP] Copy Pods Resources */,
			);
			buildRules = (
			);
			dependencies = (
			);
			name = Recipes;
			productName = Recipes;
			productReference = B7ED51531FCB6EAE00B5B249 /* Recipes.app */;
			productType = "com.apple.product-type.application";
		};
/* End PBXNativeTarget section */

/* Begin PBXProject section */
		B7ED514B1FCB6EAE00B5B249 /* Project object */ = {
			isa = PBXProject;
			attributes = {
				LastSwiftUpdateCheck = 0910;
				LastUpgradeCheck = 0910;
				ORGANIZATIONNAME = "Marc Marlotte";
				TargetAttributes = {
					B7ED51521FCB6EAE00B5B249 = {
						CreatedOnToolsVersion = 9.1;
						ProvisioningStyle = Automatic;
					};
				};
			};
			buildConfigurationList = B7ED514E1FCB6EAE00B5B249 /* Build configuration list for PBXProject "Recipes" */;
			compatibilityVersion = "Xcode 8.0";
			developmentRegion = en;
			hasScannedForEncodings = 0;
			knownRegions = (
				en,
				Base,
			);
			mainGroup = B7ED514A1FCB6EAE00B5B249;
			productRefGroup = B7ED51541FCB6EAE00B5B249 /* Products */;
			projectDirPath = "";
			projectRoot = "";
			targets = (
				B7ED51521FCB6EAE00B5B249 /* Recipes */,
			);
		};
/* End PBXProject section */

/* Begin PBXResourcesBuildPhase section */
		B7ED51511FCB6EAE00B5B249 /* Resources */ = {
			isa = PBXResourcesBuildPhase;
			buildActionMask = 2147483647;
			files = (
				B7ED51611FCB6EAF00B5B249 /* LaunchScreen.storyboard in Resources */,
				B7ED515E1FCB6EAF00B5B249 /* Assets.xcassets in Resources */,
				B7ED515C1FCB6EAF00B5B249 /* Main.storyboard in Resources */,
			);
			runOnlyForDeploymentPostprocessing = 0;
		};
/* End PBXResourcesBuildPhase section */

/* Begin PBXShellScriptBuildPhase section */
		57F37DFC209933A85CF433BB /* [CP] Embed Pods Frameworks */ = {
			isa = PBXShellScriptBuildPhase;
			buildActionMask = 2147483647;
			files = (
			);
			inputPaths = (
				"${SRCROOT}/Pods/Target Support Files/Pods-Recipes/Pods-Recipes-frameworks.sh",
				"${BUILT_PRODUCTS_DIR}/Alamofire/Alamofire.framework",
				"${BUILT_PRODUCTS_DIR}/SwiftyJSON/SwiftyJSON.framework",
			);
			name = "[CP] Embed Pods Frameworks";
			outputPaths = (
				"${TARGET_BUILD_DIR}/${FRAMEWORKS_FOLDER_PATH}/Alamofire.framework",
				"${TARGET_BUILD_DIR}/${FRAMEWORKS_FOLDER_PATH}/SwiftyJSON.framework",
			);
			runOnlyForDeploymentPostprocessing = 0;
			shellPath = /bin/sh;
			shellScript = "\"${SRCROOT}/Pods/Target Support Files/Pods-Recipes/Pods-Recipes-frameworks.sh\"\n";
			showEnvVarsInLog = 0;
		};
		A306E613CB61249947822FF6 /* [CP] Copy Pods Resources */ = {
			isa = PBXShellScriptBuildPhase;
			buildActionMask = 2147483647;
			files = (
			);
			inputPaths = (
			);
			name = "[CP] Copy Pods Resources";
			outputPaths = (
			);
			runOnlyForDeploymentPostprocessing = 0;
			shellPath = /bin/sh;
			shellScript = "\"${SRCROOT}/Pods/Target Support Files/Pods-Recipes/Pods-Recipes-resources.sh\"\n";
			showEnvVarsInLog = 0;
		};
		FD49C779054343760CC43157 /* [CP] Check Pods Manifest.lock */ = {
			isa = PBXShellScriptBuildPhase;
			buildActionMask = 2147483647;
			files = (
			);
			inputPaths = (
				"${PODS_PODFILE_DIR_PATH}/Podfile.lock",
				"${PODS_ROOT}/Manifest.lock",
			);
			name = "[CP] Check Pods Manifest.lock";
			outputPaths = (
				"$(DERIVED_FILE_DIR)/Pods-Recipes-checkManifestLockResult.txt",
			);
			runOnlyForDeploymentPostprocessing = 0;
			shellPath = /bin/sh;
			shellScript = "diff \"${PODS_PODFILE_DIR_PATH}/Podfile.lock\" \"${PODS_ROOT}/Manifest.lock\" > /dev/null\nif [ $? != 0 ] ; then\n    # print error to STDERR\n    echo \"error: The sandbox is not in sync with the Podfile.lock. Run 'pod install' or update your CocoaPods installation.\" >&2\n    exit 1\nfi\n# This output is used by Xcode 'outputs' to avoid re-running this script phase.\necho \"SUCCESS\" > \"${SCRIPT_OUTPUT_FILE_0}\"\n";
			showEnvVarsInLog = 0;
		};
/* End PBXShellScriptBuildPhase section */

/* Begin PBXSourcesBuildPhase section */
		B7ED514F1FCB6EAE00B5B249 /* Sources */ = {
			isa = PBXSourcesBuildPhase;
			buildActionMask = 2147483647;
			files = (
				B72F40081FD5C91800EF62CD /* FavoriteRecipesArray.swift in Sources */,
				B7ED51591FCB6EAF00B5B249 /* ViewController.swift in Sources */,
				B7ED51691FCB75E600B5B249 /* AddRecipeVC.swift in Sources */,
				B7ED51571FCB6EAF00B5B249 /* AppDelegate.swift in Sources */,
				B755C0C91FCE15FE003ED10A /* Recipe.swift in Sources */,
				B7A387581FD5FF8100EB6776 /* FavoriteDetailVC.swift in Sources */,
				B7ED516B1FCB774E00B5B249 /* RecipeDetailVC.swift in Sources */,
				B76F9F491FCB7D50009034A5 /* FavoriteRecipesVC.swift in Sources */,
			);
			runOnlyForDeploymentPostprocessing = 0;
		};
/* End PBXSourcesBuildPhase section */

/* Begin PBXVariantGroup section */
		B7ED515A1FCB6EAF00B5B249 /* Main.storyboard */ = {
			isa = PBXVariantGroup;
			children = (
				B7ED515B1FCB6EAF00B5B249 /* Base */,
			);
			name = Main.storyboard;
			sourceTree = "<group>";
		};
		B7ED515F1FCB6EAF00B5B249 /* LaunchScreen.storyboard */ = {
			isa = PBXVariantGroup;
			children = (
				B7ED51601FCB6EAF00B5B249 /* Base */,
			);
			name = LaunchScreen.storyboard;
			sourceTree = "<group>";
		};
/* End PBXVariantGroup section */

/* Begin XCBuildConfiguration section */
		B7ED51631FCB6EAF00B5B249 /* Debug */ = {
			isa = XCBuildConfiguration;
			buildSettings = {
				ALWAYS_SEARCH_USER_PATHS = NO;
				CLANG_ANALYZER_NONNULL = YES;
				CLANG_ANALYZER_NUMBER_OBJECT_CONVERSION = YES_AGGRESSIVE;
				CLANG_CXX_LANGUAGE_STANDARD = "gnu++14";
				CLANG_CXX_LIBRARY = "libc++";
				CLANG_ENABLE_MODULES = YES;
				CLANG_ENABLE_OBJC_ARC = YES;
				CLANG_WARN_BLOCK_CAPTURE_AUTORELEASING = YES;
				CLANG_WARN_BOOL_CONVERSION = YES;
				CLANG_WARN_COMMA = YES;
				CLANG_WARN_CONSTANT_CONVERSION = YES;
				CLANG_WARN_DIRECT_OBJC_ISA_USAGE = YES_ERROR;
				CLANG_WARN_DOCUMENTATION_COMMENTS = YES;
				CLANG_WARN_EMPTY_BODY = YES;
				CLANG_WARN_ENUM_CONVERSION = YES;
				CLANG_WARN_INFINITE_RECURSION = YES;
				CLANG_WARN_INT_CONVERSION = YES;
				CLANG_WARN_NON_LITERAL_NULL_CONVERSION = YES;
				CLANG_WARN_OBJC_LITERAL_CONVERSION = YES;
				CLANG_WARN_OBJC_ROOT_CLASS = YES_ERROR;
				CLANG_WARN_RANGE_LOOP_ANALYSIS = YES;
				CLANG_WARN_STRICT_PROTOTYPES = YES;
				CLANG_WARN_SUSPICIOUS_MOVE = YES;
				CLANG_WARN_UNGUARDED_AVAILABILITY = YES_AGGRESSIVE;
				CLANG_WARN_UNREACHABLE_CODE = YES;
				CLANG_WARN__DUPLICATE_METHOD_MATCH = YES;
				CODE_SIGN_IDENTITY = "iPhone Developer";
				COPY_PHASE_STRIP = NO;
				DEBUG_INFORMATION_FORMAT = dwarf;
				ENABLE_STRICT_OBJC_MSGSEND = YES;
				ENABLE_TESTABILITY = YES;
				GCC_C_LANGUAGE_STANDARD = gnu11;
				GCC_DYNAMIC_NO_PIC = NO;
				GCC_NO_COMMON_BLOCKS = YES;
				GCC_OPTIMIZATION_LEVEL = 0;
				GCC_PREPROCESSOR_DEFINITIONS = (
					"DEBUG=1",
					"$(inherited)",
				);
				GCC_WARN_64_TO_32_BIT_CONVERSION = YES;
				GCC_WARN_ABOUT_RETURN_TYPE = YES_ERROR;
				GCC_WARN_UNDECLARED_SELECTOR = YES;
				GCC_WARN_UNINITIALIZED_AUTOS = YES_AGGRESSIVE;
				GCC_WARN_UNUSED_FUNCTION = YES;
				GCC_WARN_UNUSED_VARIABLE = YES;
				IPHONEOS_DEPLOYMENT_TARGET = 11.1;
				MTL_ENABLE_DEBUG_INFO = YES;
				ONLY_ACTIVE_ARCH = YES;
				SDKROOT = iphoneos;
				SWIFT_ACTIVE_COMPILATION_CONDITIONS = DEBUG;
				SWIFT_OPTIMIZATION_LEVEL = "-Onone";
			};
			name = Debug;
		};
		B7ED51641FCB6EAF00B5B249 /* Release */ = {
			isa = XCBuildConfiguration;
			buildSettings = {
				ALWAYS_SEARCH_USER_PATHS = NO;
				CLANG_ANALYZER_NONNULL = YES;
				CLANG_ANALYZER_NUMBER_OBJECT_CONVERSION = YES_AGGRESSIVE;
				CLANG_CXX_LANGUAGE_STANDARD = "gnu++14";
				CLANG_CXX_LIBRARY = "libc++";
				CLANG_ENABLE_MODULES = YES;
				CLANG_ENABLE_OBJC_ARC = YES;
				CLANG_WARN_BLOCK_CAPTURE_AUTORELEASING = YES;
				CLANG_WARN_BOOL_CONVERSION = YES;
				CLANG_WARN_COMMA = YES;
				CLANG_WARN_CONSTANT_CONVERSION = YES;
				CLANG_WARN_DIRECT_OBJC_ISA_USAGE = YES_ERROR;
				CLANG_WARN_DOCUMENTATION_COMMENTS = YES;
				CLANG_WARN_EMPTY_BODY = YES;
				CLANG_WARN_ENUM_CONVERSION = YES;
				CLANG_WARN_INFINITE_RECURSION = YES;
				CLANG_WARN_INT_CONVERSION = YES;
				CLANG_WARN_NON_LITERAL_NULL_CONVERSION = YES;
				CLANG_WARN_OBJC_LITERAL_CONVERSION = YES;
				CLANG_WARN_OBJC_ROOT_CLASS = YES_ERROR;
				CLANG_WARN_RANGE_LOOP_ANALYSIS = YES;
				CLANG_WARN_STRICT_PROTOTYPES = YES;
				CLANG_WARN_SUSPICIOUS_MOVE = YES;
				CLANG_WARN_UNGUARDED_AVAILABILITY = YES_AGGRESSIVE;
				CLANG_WARN_UNREACHABLE_CODE = YES;
				CLANG_WARN__DUPLICATE_METHOD_MATCH = YES;
				CODE_SIGN_IDENTITY = "iPhone Developer";
				COPY_PHASE_STRIP = NO;
				DEBUG_INFORMATION_FORMAT = "dwarf-with-dsym";
				ENABLE_NS_ASSERTIONS = NO;
				ENABLE_STRICT_OBJC_MSGSEND = YES;
				GCC_C_LANGUAGE_STANDARD = gnu11;
				GCC_NO_COMMON_BLOCKS = YES;
				GCC_WARN_64_TO_32_BIT_CONVERSION = YES;
				GCC_WARN_ABOUT_RETURN_TYPE = YES_ERROR;
				GCC_WARN_UNDECLARED_SELECTOR = YES;
				GCC_WARN_UNINITIALIZED_AUTOS = YES_AGGRESSIVE;
				GCC_WARN_UNUSED_FUNCTION = YES;
				GCC_WARN_UNUSED_VARIABLE = YES;
				IPHONEOS_DEPLOYMENT_TARGET = 11.1;
				MTL_ENABLE_DEBUG_INFO = NO;
				SDKROOT = iphoneos;
				SWIFT_OPTIMIZATION_LEVEL = "-Owholemodule";
				VALIDATE_PRODUCT = YES;
			};
			name = Release;
		};
		B7ED51661FCB6EAF00B5B249 /* Debug */ = {
			isa = XCBuildConfiguration;
			baseConfigurationReference = 1978091655DF158B7B6DDCAF /* Pods-Recipes.debug.xcconfig */;
			buildSettings = {
				ASSETCATALOG_COMPILER_APPICON_NAME = AppIcon;
				CODE_SIGN_STYLE = Automatic;
				INFOPLIST_FILE = Recipes/Info.plist;
				LD_RUNPATH_SEARCH_PATHS = "$(inherited) @executable_path/Frameworks";
				PRODUCT_BUNDLE_IDENTIFIER = "Marc-Marlotte.Recipes";
				PRODUCT_NAME = "$(TARGET_NAME)";
				SWIFT_VERSION = 4.0;
				TARGETED_DEVICE_FAMILY = "1,2";
			};
			name = Debug;
		};
		B7ED51671FCB6EAF00B5B249 /* Release */ = {
			isa = XCBuildConfiguration;
			baseConfigurationReference = 63491EAAD4F2F736F7B1BBD1 /* Pods-Recipes.release.xcconfig */;
			buildSettings = {
				ASSETCATALOG_COMPILER_APPICON_NAME = AppIcon;
				CODE_SIGN_STYLE = Automatic;
				INFOPLIST_FILE = Recipes/Info.plist;
				LD_RUNPATH_SEARCH_PATHS = "$(inherited) @executable_path/Frameworks";
				PRODUCT_BUNDLE_IDENTIFIER = "Marc-Marlotte.Recipes";
				PRODUCT_NAME = "$(TARGET_NAME)";
				SWIFT_VERSION = 4.0;
				TARGETED_DEVICE_FAMILY = "1,2";
			};
			name = Release;
		};
/* End XCBuildConfiguration section */

/* Begin XCConfigurationList section */
		B7ED514E1FCB6EAE00B5B249 /* Build configuration list for PBXProject "Recipes" */ = {
			isa = XCConfigurationList;
			buildConfigurations = (
				B7ED51631FCB6EAF00B5B249 /* Debug */,
				B7ED51641FCB6EAF00B5B249 /* Release */,
			);
			defaultConfigurationIsVisible = 0;
			defaultConfigurationName = Release;
		};
		B7ED51651FCB6EAF00B5B249 /* Build configuration list for PBXNativeTarget "Recipes" */ = {
			isa = XCConfigurationList;
			buildConfigurations = (
				B7ED51661FCB6EAF00B5B249 /* Debug */,
				B7ED51671FCB6EAF00B5B249 /* Release */,
			);
			defaultConfigurationIsVisible = 0;
			defaultConfigurationName = Release;
		};
/* End XCConfigurationList section */
	};
	rootObject = B7ED514B1FCB6EAE00B5B249 /* Project object */;
}
